{
  "name": "scratch-vm",
  "lockfileVersion": 3,
  "requires": true,
  "packages": {
    "": {
      "devDependencies": {
        "@types/web": "^0.0.317"
      }
    },
    "node_modules/@types/web": {
      "version": "0.0.317",
      "resolved": "https://registry.npmjs.org/@types/web/-/web-0.0.317.tgz",
      "integrity": "sha512-Y3WXcQmFPsL6X915ZjtY2fhlKqIryBFj6mGHKOHc9Bk4uHvJxJpuG0j/YXHZ+fu6a8xqtGbv5aHoYPqD7Rkbjw==",
      "dev": true,
      "license": "Apache-2.0"
    }
  }
}
